
Microsoft Visual Studio Solution File, Format Version 12.00
# Visual Studio 15
VisualStudioVersion = 15.0.26430.16
MinimumVisualStudioVersion = 10.0.40219.1
Project("{9A19103F-16F7-4668-BE54-9A1E7A4F7556}") = "TestBasicNetObject", "TestBasicNetObject\TestBasicNetObject.csproj", "{E0E88295-83A2-40D7-A493-718FD73FD015}"
EndProject
Project("{2150E333-8FDC-42A3-9474-1A3956D46DE8}") = "UdpTest", "UdpTest", "{E1EBA043-2352-4EB4-93F1-1F7D81F07FB3}"
EndProject
Project("{9A19103F-16F7-4668-BE54-9A1E7A4F7556}") = "UdpClient", "UdpClientA\UdpClient.csproj", "{F7F29F56-152A-4D40-9613-27AAA92F99CB}"
EndProject
Project("{9A19103F-16F7-4668-BE54-9A1E7A4F7556}") = "UdpServer", "UdpClientB\UdpServer.csproj", "{70C95273-3DF7-41EB-A050-E76E42CE678D}"
EndProject
Project("{2150E333-8FDC-42A3-9474-1A3956D46DE8}") = "Ping", "Ping", "{29844F21-E875-4B70-868A-4E621F357243}"
EndProject
Project("{FAE04EC0-301F-11D3-BF4B-00C04F79EFBC}") = "TestPing", "TestPing\TestPing.csproj", "{D9EEB445-8619-4B6A-AB2D-D67AD988A9C5}"
EndProject
Global
	GlobalSection(SolutionConfigurationPlatforms) = preSolution
		Debug|Any CPU = Debug|Any CPU
		Release|Any CPU = Release|Any CPU
	EndGlobalSection
	GlobalSection(ProjectConfigurationPlatforms) = postSolution
		{E0E88295-83A2-40D7-A493-718FD73FD015}.Debug|Any CPU.ActiveCfg = Debug|Any CPU
		{E0E88295-83A2-40D7-A493-718FD73FD015}.Debug|Any CPU.Build.0 = Debug|Any CPU
		{E0E88295-83A2-40D7-A493-718FD73FD015}.Release|Any CPU.ActiveCfg = Release|Any CPU
		{E0E88295-83A2-40D7-A493-718FD73FD015}.Release|Any CPU.Build.0 = Release|Any CPU
		{F7F29F56-152A-4D40-9613-27AAA92F99CB}.Debug|Any CPU.ActiveCfg = Debug|Any CPU
		{F7F29F56-152A-4D40-9613-27AAA92F99CB}.Debug|Any CPU.Build.0 = Debug|Any CPU
		{F7F29F56-152A-4D40-9613-27AAA92F99CB}.Release|Any CPU.ActiveCfg = Release|Any CPU
		{F7F29F56-152A-4D40-9613-27AAA92F99CB}.Release|Any CPU.Build.0 = Release|Any CPU
		{70C95273-3DF7-41EB-A050-E76E42CE678D}.Debug|Any CPU.ActiveCfg = Debug|Any CPU
		{70C95273-3DF7-41EB-A050-E76E42CE678D}.Debug|Any CPU.Build.0 = Debug|Any CPU
		{70C95273-3DF7-41EB-A050-E76E42CE678D}.Release|Any CPU.ActiveCfg = Release|Any CPU
		{70C95273-3DF7-41EB-A050-E76E42CE678D}.Release|Any CPU.Build.0 = Release|Any CPU
		{D9EEB445-8619-4B6A-AB2D-D67AD988A9C5}.Debug|Any CPU.ActiveCfg = Debug|Any CPU
		{D9EEB445-8619-4B6A-AB2D-D67AD988A9C5}.Debug|Any CPU.Build.0 = Debug|Any CPU
		{D9EEB445-8619-4B6A-AB2D-D67AD988A9C5}.Release|Any CPU.ActiveCfg = Release|Any CPU
		{D9EEB445-8619-4B6A-AB2D-D67AD988A9C5}.Release|Any CPU.Build.0 = Release|Any CPU
	EndGlobalSection
	GlobalSection(SolutionProperties) = preSolution
		HideSolutionNode = FALSE
	EndGlobalSection
	GlobalSection(NestedProjects) = preSolution
		{F7F29F56-152A-4D40-9613-27AAA92F99CB} = {E1EBA043-2352-4EB4-93F1-1F7D81F07FB3}
		{70C95273-3DF7-41EB-A050-E76E42CE678D} = {E1EBA043-2352-4EB4-93F1-1F7D81F07FB3}
		{D9EEB445-8619-4B6A-AB2D-D67AD988A9C5} = {29844F21-E875-4B70-868A-4E621F357243}
	EndGlobalSection
EndGlobal
